<?xml version="1.0" encoding="utf-8"?>
<Project ToolsVersion="4.0" xmlns="http://schemas.microsoft.com/developer/msbuild/2003">
  <ItemGroup>
    <FxCompile Include="DefaultDomainShader.hlsl">
      <Filter>Default</Filter>
    </FxCompile>
    <FxCompile Include="DefaultGeometryShader.hlsl">
      <Filter>Default</Filter>
    </FxCompile>
    <FxCompile Include="DefaultHullShader.hlsl">
      <Filter>Default</Filter>
    </FxCompile>
    <FxCompile Include="DefaultPixelShaderForEdge.hlsl">
      <Filter>Default</Filter>
    </FxCompile>
    <FxCompile Include="DefaultPixelShaderForObject.hlsl">
      <Filter>Default</Filter>
    </FxCompile>
    <FxCompile Include="DefaultSkinningComputeShader.hlsl">
      <Filter>Default</Filter>
    </FxCompile>
    <FxCompile Include="DefaultVertexShaderForEdge.hlsl">
      <Filter>Default</Filter>
    </FxCompile>
    <FxCompile Include="DefaultVertexShaderForObject.hlsl">
      <Filter>Default</Filter>
    </FxCompile>
  </ItemGroup>
  <ItemGroup>
    <None Include="GlobalParameters.hlsli" />
    <None Include="MaterialTexture.hlsli" />
    <None Include="Quaternion.hlsli" />
    <None Include="Skinning.hlsli" />
    <None Include="VS_INPUT.hlsli" />
    <None Include="DefaultVS_OUTPUT.hlsli">
      <Filter>Default</Filter>
    </None>
    <None Include="DefaultCONSTANT_HS_OUT.hlsli">
      <Filter>Default</Filter>
    </None>
  </ItemGroup>
  <ItemGroup>
    <Filter Include="Default">
      <UniqueIdentifier>{4e231e4a-edc2-4735-87e4-5d509fc31188}</UniqueIdentifier>
    </Filter>
  </ItemGroup>
  <ItemGroup>
    <Text Include="README.txt" />
  </ItemGroup>
</Project>